
Microsoft Visual Studio Solution File, Format Version 12.00
# Visual Studio Version 17
VisualStudioVersion = 17.10.35013.160
MinimumVisualStudioVersion = 10.0.40219.1
Project("{FAE04EC0-301F-11D3-BF4B-00C04F79EFBC}") = "23-7-2024", "23-7-2024\23-7-2024.csproj", "{24930EFD-D896-4B03-9C96-F5DEC31A4769}"
EndProject
Global
	GlobalSection(SolutionConfigurationPlatforms) = preSolution
		Debug|Any CPU = Debug|Any CPU
		Release|Any CPU = Release|Any CPU
	EndGlobalSection
	GlobalSection(ProjectConfigurationPlatforms) = postSolution
		{24930EFD-D896-4B03-9C96-F5DEC31A4769}.Debug|Any CPU.ActiveCfg = Debug|Any CPU
		{24930EFD-D896-4B03-9C96-F5DEC31A4769}.Debug|Any CPU.Build.0 = Debug|Any CPU
		{24930EFD-D896-4B03-9C96-F5DEC31A4769}.Release|Any CPU.ActiveCfg = Release|Any CPU
		{24930EFD-D896-4B03-9C96-F5DEC31A4769}.Release|Any CPU.Build.0 = Release|Any CPU
	EndGlobalSection
	GlobalSection(SolutionProperties) = preSolution
		HideSolutionNode = FALSE
	EndGlobalSection
	GlobalSection(ExtensibilityGlobals) = postSolution
		SolutionGuid = {70B2FCA3-B83C-4F7E-93F9-8AB65406FB67}
	EndGlobalSection
EndGlobal
